
Microsoft Visual Studio Solution File, Format Version 12.00
# Visual Studio 15
VisualStudioVersion = 15.0.28307.1778
MinimumVisualStudioVersion = 10.0.40219.1
Project("{FAE04EC0-301F-11D3-BF4B-00C04F79EFBC}") = "NumarPrim", "NumarPrim\NumarPrim.csproj", "{3211C8F3-22AB-4B66-A68B-8997A77CC326}"
EndProject
Global
	GlobalSection(SolutionConfigurationPlatforms) = preSolution
		Debug|Any CPU = Debug|Any CPU
		Release|Any CPU = Release|Any CPU
	EndGlobalSection
	GlobalSection(ProjectConfigurationPlatforms) = postSolution
		{3211C8F3-22AB-4B66-A68B-8997A77CC326}.Debug|Any CPU.ActiveCfg = Debug|Any CPU
		{3211C8F3-22AB-4B66-A68B-8997A77CC326}.Debug|Any CPU.Build.0 = Debug|Any CPU
		{3211C8F3-22AB-4B66-A68B-8997A77CC326}.Release|Any CPU.ActiveCfg = Release|Any CPU
		{3211C8F3-22AB-4B66-A68B-8997A77CC326}.Release|Any CPU.Build.0 = Release|Any CPU
	EndGlobalSection
	GlobalSection(SolutionProperties) = preSolution
		HideSolutionNode = FALSE
	EndGlobalSection
	GlobalSection(ExtensibilityGlobals) = postSolution
		SolutionGuid = {9746A00A-E063-4530-BFE6-2D133E9BDAAA}
	EndGlobalSection
EndGlobal
